        # Generated by pub. See: http://pub.dartlang.org/doc/glossary.html#lockfile
         {"packages":{"web_ui":{"version":"0.3.2","source":"hosted","description":"web_ui"},"browser":{"version":"0.3.4","source":"hosted","description":"browser"},"dartlero":{"version":"0.0.6","source":"git","description":{"url":"git://github.com/dzenanr/dartlero.git","ref":null,"resolved-ref":"2dae3c2bb4ee4ba629af9a93cf02a12d7fde818e"}},"html5lib":{"version":"0.3.1+2","source":"hosted","description":"html5lib"},"args":{"version":"0.3.4","source":"hosted","description":"args"},"logging":{"version":"0.3.5","source":"hosted","description":"logging"},"js":{"version":"0.0.15","source":"hosted","description":"js"},"benchmark_harness":{"version":"1.0.2","source":"hosted","description":"benchmark_harness"},"unittest":{"version":"0.3.4","source":"hosted","description":"unittest"},"meta":{"version":"0.3.4","source":"hosted","description":"meta"}}}
        